
Microsoft Visual Studio Solution File, Format Version 12.00
# Visual Studio 15
Project("{FAE04EC0-301F-11D3-BF4B-00C04F79EFBC}") = "UnityEngine.UI", "UnityEngine.UI.csproj", "{1C37FC64-951D-893B-4730-C9410D502B58}"
EndProject
Project("{FAE04EC0-301F-11D3-BF4B-00C04F79EFBC}") = "UnityEngine.TestRunner", "UnityEngine.TestRunner.csproj", "{54FD547E-E0BA-BB57-2FF6-48F375F17253}"
EndProject
Project("{FAE04EC0-301F-11D3-BF4B-00C04F79EFBC}") = "Unity.Timeline", "Unity.Timeline.csproj", "{5792B969-9BBB-7038-CC9A-38B4581B66F7}"
EndProject
Project("{FAE04EC0-301F-11D3-BF4B-00C04F79EFBC}") = "Assembly-CSharp", "Assembly-CSharp.csproj", "{63B10F76-CA03-BE35-FA50-B39BDD32FA29}"
EndProject
Project("{FAE04EC0-301F-11D3-BF4B-00C04F79EFBC}") = "Unity.ProBuilder", "Unity.ProBuilder.csproj", "{65CBDD8F-9946-B162-1ECA-AAF3AE026B5C}"
EndProject
Project("{FAE04EC0-301F-11D3-BF4B-00C04F79EFBC}") = "Unity.TextMeshPro", "Unity.TextMeshPro.csproj", "{95AB6DE1-5848-F250-DC8D-7469EBE0A1FF}"
EndProject
Project("{FAE04EC0-301F-11D3-BF4B-00C04F79EFBC}") = "Unity.ProBuilder.Poly2Tri", "Unity.ProBuilder.Poly2Tri.csproj", "{7C202168-1EFC-F48C-5A29-58A9941AD50C}"
EndProject
Project("{FAE04EC0-301F-11D3-BF4B-00C04F79EFBC}") = "Unity.ProGrids", "Unity.ProGrids.csproj", "{9084201F-2417-C787-E6F2-B27D802C9F39}"
EndProject
Project("{FAE04EC0-301F-11D3-BF4B-00C04F79EFBC}") = "Unity.ProBuilder.Csg", "Unity.ProBuilder.Csg.csproj", "{0417F041-4710-B9E1-4E43-BC5F224ABE3A}"
EndProject
Project("{FAE04EC0-301F-11D3-BF4B-00C04F79EFBC}") = "Unity.ProBuilder.KdTree", "Unity.ProBuilder.KdTree.csproj", "{B194488D-BA15-3D24-737D-4A1005C224C7}"
EndProject
Project("{FAE04EC0-301F-11D3-BF4B-00C04F79EFBC}") = "Unity.ProBuilder.Stl", "Unity.ProBuilder.Stl.csproj", "{9A93EE50-4F41-6151-BD6B-4E184461EF23}"
EndProject
Project("{FAE04EC0-301F-11D3-BF4B-00C04F79EFBC}") = "UnityEditor.TestRunner", "UnityEditor.TestRunner.csproj", "{7D234357-9AAA-77CF-5180-2C89BC5683E4}"
EndProject
Project("{FAE04EC0-301F-11D3-BF4B-00C04F79EFBC}") = "Unity.ProBuilder.Editor", "Unity.ProBuilder.Editor.csproj", "{D2488D7F-2799-AFCE-BAC2-5D00337C1B66}"
EndProject
Project("{FAE04EC0-301F-11D3-BF4B-00C04F79EFBC}") = "Unity.PlasticSCM.Editor", "Unity.PlasticSCM.Editor.csproj", "{587676FE-FC78-19E2-D6C1-C5419C70ED3F}"
EndProject
Project("{FAE04EC0-301F-11D3-BF4B-00C04F79EFBC}") = "UnityEditor.UI", "UnityEditor.UI.csproj", "{DCF9EDB4-F3A4-7F1B-DCA1-E2A9FF39F3A4}"
EndProject
Project("{FAE04EC0-301F-11D3-BF4B-00C04F79EFBC}") = "Unity.Services.Core.Editor", "Unity.Services.Core.Editor.csproj", "{A1632EA0-681F-4383-3558-814FF4DB7972}"
EndProject
Project("{FAE04EC0-301F-11D3-BF4B-00C04F79EFBC}") = "Unity.Timeline.Editor", "Unity.Timeline.Editor.csproj", "{B1544069-6168-AE79-2C5D-DAF2B6C0B0DA}"
EndProject
Project("{FAE04EC0-301F-11D3-BF4B-00C04F79EFBC}") = "Unity.VisualStudio.Editor", "Unity.VisualStudio.Editor.csproj", "{890F5516-C5CE-3A79-FE14-3523641C659C}"
EndProject
Project("{FAE04EC0-301F-11D3-BF4B-00C04F79EFBC}") = "Unity.TextMeshPro.Editor", "Unity.TextMeshPro.Editor.csproj", "{A0014A52-C432-2DB9-2AB4-FDD4D45F92DD}"
EndProject
Project("{FAE04EC0-301F-11D3-BF4B-00C04F79EFBC}") = "Unity.CollabProxy.Editor", "Unity.CollabProxy.Editor.csproj", "{DADAA6E5-D55F-8405-3DB1-9A42CE65B34D}"
EndProject
Project("{FAE04EC0-301F-11D3-BF4B-00C04F79EFBC}") = "Unity.Rider.Editor", "Unity.Rider.Editor.csproj", "{CDE898A8-A9FF-F4B5-1455-B763AC7EE11E}"
EndProject
Project("{FAE04EC0-301F-11D3-BF4B-00C04F79EFBC}") = "Unity.ProGrids.Editor", "Unity.ProGrids.Editor.csproj", "{A152EEF5-E108-B193-6E6C-304E28ECDB68}"
EndProject
Project("{FAE04EC0-301F-11D3-BF4B-00C04F79EFBC}") = "Unity.VSCode.Editor", "Unity.VSCode.Editor.csproj", "{387F3C7C-A36D-E1FD-098F-C8E5AE1B293C}"
EndProject
Project("{FAE04EC0-301F-11D3-BF4B-00C04F79EFBC}") = "Unity.ProBuilder.AssetIdRemapUtility", "Unity.ProBuilder.AssetIdRemapUtility.csproj", "{0E1F79F1-F9A0-C2DF-B3C0-D8BD8ADCEEFB}"
EndProject
Project("{FAE04EC0-301F-11D3-BF4B-00C04F79EFBC}") = "Unity.Settings.Editor", "Unity.Settings.Editor.csproj", "{90E128BE-E119-82EC-12CA-C82AC6B78E06}"
EndProject
Project("{FAE04EC0-301F-11D3-BF4B-00C04F79EFBC}") = "Unity.ProBuilder.AddOns.Editor", "Unity.ProBuilder.AddOns.Editor.csproj", "{B911CF0A-5546-FAAF-57CE-B361DF3FC32B}"
EndProject
Project("{FAE04EC0-301F-11D3-BF4B-00C04F79EFBC}") = "Assembly-CSharp-Editor", "Assembly-CSharp-Editor.csproj", "{5BC9CBD6-6344-3DB7-28CF-DEE849005DBB}"
EndProject
Project("{FAE04EC0-301F-11D3-BF4B-00C04F79EFBC}") = "UnityEngine.UI", "UnityEngine.UI.Player.csproj", "{DF2310DD-60F0-A476-B85B-779214611A5D}"
EndProject
Project("{FAE04EC0-301F-11D3-BF4B-00C04F79EFBC}") = "UnityEngine.TestRunner", "UnityEngine.TestRunner.Player.csproj", "{CE421291-8AA5-F2C6-ECEA-315197AEFF9E}"
EndProject
Project("{FAE04EC0-301F-11D3-BF4B-00C04F79EFBC}") = "Unity.Timeline", "Unity.Timeline.Player.csproj", "{DF57B7AB-B9B6-A101-57A7-CD22EE81988A}"
EndProject
Project("{FAE04EC0-301F-11D3-BF4B-00C04F79EFBC}") = "Assembly-CSharp", "Assembly-CSharp.Player.csproj", "{D32B93F3-C503-E9A4-6EA3-9728A9E4B2FD}"
EndProject
Project("{FAE04EC0-301F-11D3-BF4B-00C04F79EFBC}") = "Unity.ProBuilder", "Unity.ProBuilder.Player.csproj", "{3FD6EAB1-7C63-DC86-AEDD-CC7ABF9A5E49}"
EndProject
Project("{FAE04EC0-301F-11D3-BF4B-00C04F79EFBC}") = "Unity.TextMeshPro", "Unity.TextMeshPro.Player.csproj", "{B1946D46-FCFB-6FBB-3B21-F48D45629293}"
EndProject
Project("{FAE04EC0-301F-11D3-BF4B-00C04F79EFBC}") = "Unity.ProBuilder.Poly2Tri", "Unity.ProBuilder.Poly2Tri.Player.csproj", "{8046B23C-504F-55BF-44A3-A3BD4919F806}"
EndProject
Project("{FAE04EC0-301F-11D3-BF4B-00C04F79EFBC}") = "Unity.ProGrids", "Unity.ProGrids.Player.csproj", "{1EE1DF01-DA56-581F-6D4E-31D1F7990BF0}"
EndProject
Project("{FAE04EC0-301F-11D3-BF4B-00C04F79EFBC}") = "Unity.ProBuilder.Csg", "Unity.ProBuilder.Csg.Player.csproj", "{8CFA75D8-517B-3B73-266B-652CA294AB09}"
EndProject
Project("{FAE04EC0-301F-11D3-BF4B-00C04F79EFBC}") = "Unity.ProBuilder.KdTree", "Unity.ProBuilder.KdTree.Player.csproj", "{5D06278D-4DFD-555F-F9F4-F7394AD57072}"
EndProject
Project("{FAE04EC0-301F-11D3-BF4B-00C04F79EFBC}") = "Unity.ProBuilder.Stl", "Unity.ProBuilder.Stl.Player.csproj", "{ACD64751-3DEB-7C4B-61B5-780C2885FE07}"
EndProject
Global
	GlobalSection(SolutionConfigurationPlatforms) = preSolution
		Debug|Any CPU = Debug|Any CPU
		Release|Any CPU = Release|Any CPU
	EndGlobalSection
	GlobalSection(ProjectConfigurationPlatforms) = postSolution
		{1C37FC64-951D-893B-4730-C9410D502B58}.Debug|Any CPU.ActiveCfg = Debug|Any CPU
		{1C37FC64-951D-893B-4730-C9410D502B58}.Debug|Any CPU.Build.0 = Debug|Any CPU
		{1C37FC64-951D-893B-4730-C9410D502B58}.Release|Any CPU.ActiveCfg = Release|Any CPU
		{1C37FC64-951D-893B-4730-C9410D502B58}.Release|Any CPU.Build.0 = Release|Any CPU
		{54FD547E-E0BA-BB57-2FF6-48F375F17253}.Debug|Any CPU.ActiveCfg = Debug|Any CPU
		{54FD547E-E0BA-BB57-2FF6-48F375F17253}.Debug|Any CPU.Build.0 = Debug|Any CPU
		{54FD547E-E0BA-BB57-2FF6-48F375F17253}.Release|Any CPU.ActiveCfg = Release|Any CPU
		{54FD547E-E0BA-BB57-2FF6-48F375F17253}.Release|Any CPU.Build.0 = Release|Any CPU
		{5792B969-9BBB-7038-CC9A-38B4581B66F7}.Debug|Any CPU.ActiveCfg = Debug|Any CPU
		{5792B969-9BBB-7038-CC9A-38B4581B66F7}.Debug|Any CPU.Build.0 = Debug|Any CPU
		{5792B969-9BBB-7038-CC9A-38B4581B66F7}.Release|Any CPU.ActiveCfg = Release|Any CPU
		{5792B969-9BBB-7038-CC9A-38B4581B66F7}.Release|Any CPU.Build.0 = Release|Any CPU
		{63B10F76-CA03-BE35-FA50-B39BDD32FA29}.Debug|Any CPU.ActiveCfg = Debug|Any CPU
		{63B10F76-CA03-BE35-FA50-B39BDD32FA29}.Debug|Any CPU.Build.0 = Debug|Any CPU
		{63B10F76-CA03-BE35-FA50-B39BDD32FA29}.Release|Any CPU.ActiveCfg = Release|Any CPU
		{63B10F76-CA03-BE35-FA50-B39BDD32FA29}.Release|Any CPU.Build.0 = Release|Any CPU
		{65CBDD8F-9946-B162-1ECA-AAF3AE026B5C}.Debug|Any CPU.ActiveCfg = Debug|Any CPU
		{65CBDD8F-9946-B162-1ECA-AAF3AE026B5C}.Debug|Any CPU.Build.0 = Debug|Any CPU
		{65CBDD8F-9946-B162-1ECA-AAF3AE026B5C}.Release|Any CPU.ActiveCfg = Release|Any CPU
		{65CBDD8F-9946-B162-1ECA-AAF3AE026B5C}.Release|Any CPU.Build.0 = Release|Any CPU
		{95AB6DE1-5848-F250-DC8D-7469EBE0A1FF}.Debug|Any CPU.ActiveCfg = Debug|Any CPU
		{95AB6DE1-5848-F250-DC8D-7469EBE0A1FF}.Debug|Any CPU.Build.0 = Debug|Any CPU
		{95AB6DE1-5848-F250-DC8D-7469EBE0A1FF}.Release|Any CPU.ActiveCfg = Release|Any CPU
		{95AB6DE1-5848-F250-DC8D-7469EBE0A1FF}.Release|Any CPU.Build.0 = Release|Any CPU
		{7C202168-1EFC-F48C-5A29-58A9941AD50C}.Debug|Any CPU.ActiveCfg = Debug|Any CPU
		{7C202168-1EFC-F48C-5A29-58A9941AD50C}.Debug|Any CPU.Build.0 = Debug|Any CPU
		{7C202168-1EFC-F48C-5A29-58A9941AD50C}.Release|Any CPU.ActiveCfg = Release|Any CPU
		{7C202168-1EFC-F48C-5A29-58A9941AD50C}.Release|Any CPU.Build.0 = Release|Any CPU
		{9084201F-2417-C787-E6F2-B27D802C9F39}.Debug|Any CPU.ActiveCfg = Debug|Any CPU
		{9084201F-2417-C787-E6F2-B27D802C9F39}.Debug|Any CPU.Build.0 = Debug|Any CPU
		{9084201F-2417-C787-E6F2-B27D802C9F39}.Release|Any CPU.ActiveCfg = Release|Any CPU
		{9084201F-2417-C787-E6F2-B27D802C9F39}.Release|Any CPU.Build.0 = Release|Any CPU
		{0417F041-4710-B9E1-4E43-BC5F224ABE3A}.Debug|Any CPU.ActiveCfg = Debug|Any CPU
		{0417F041-4710-B9E1-4E43-BC5F224ABE3A}.Debug|Any CPU.Build.0 = Debug|Any CPU
		{0417F041-4710-B9E1-4E43-BC5F224ABE3A}.Release|Any CPU.ActiveCfg = Release|Any CPU
		{0417F041-4710-B9E1-4E43-BC5F224ABE3A}.Release|Any CPU.Build.0 = Release|Any CPU
		{B194488D-BA15-3D24-737D-4A1005C224C7}.Debug|Any CPU.ActiveCfg = Debug|Any CPU
		{B194488D-BA15-3D24-737D-4A1005C224C7}.Debug|Any CPU.Build.0 = Debug|Any CPU
		{B194488D-BA15-3D24-737D-4A1005C224C7}.Release|Any CPU.ActiveCfg = Release|Any CPU
		{B194488D-BA15-3D24-737D-4A1005C224C7}.Release|Any CPU.Build.0 = Release|Any CPU
		{9A93EE50-4F41-6151-BD6B-4E184461EF23}.Debug|Any CPU.ActiveCfg = Debug|Any CPU
		{9A93EE50-4F41-6151-BD6B-4E184461EF23}.Debug|Any CPU.Build.0 = Debug|Any CPU
		{9A93EE50-4F41-6151-BD6B-4E184461EF23}.Release|Any CPU.ActiveCfg = Release|Any CPU
		{9A93EE50-4F41-6151-BD6B-4E184461EF23}.Release|Any CPU.Build.0 = Release|Any CPU
		{7D234357-9AAA-77CF-5180-2C89BC5683E4}.Debug|Any CPU.ActiveCfg = Debug|Any CPU
		{7D234357-9AAA-77CF-5180-2C89BC5683E4}.Debug|Any CPU.Build.0 = Debug|Any CPU
		{7D234357-9AAA-77CF-5180-2C89BC5683E4}.Release|Any CPU.ActiveCfg = Release|Any CPU
		{7D234357-9AAA-77CF-5180-2C89BC5683E4}.Release|Any CPU.Build.0 = Release|Any CPU
		{D2488D7F-2799-AFCE-BAC2-5D00337C1B66}.Debug|Any CPU.ActiveCfg = Debug|Any CPU
		{D2488D7F-2799-AFCE-BAC2-5D00337C1B66}.Debug|Any CPU.Build.0 = Debug|Any CPU
		{D2488D7F-2799-AFCE-BAC2-5D00337C1B66}.Release|Any CPU.ActiveCfg = Release|Any CPU
		{D2488D7F-2799-AFCE-BAC2-5D00337C1B66}.Release|Any CPU.Build.0 = Release|Any CPU
		{587676FE-FC78-19E2-D6C1-C5419C70ED3F}.Debug|Any CPU.ActiveCfg = Debug|Any CPU
		{587676FE-FC78-19E2-D6C1-C5419C70ED3F}.Debug|Any CPU.Build.0 = Debug|Any CPU
		{587676FE-FC78-19E2-D6C1-C5419C70ED3F}.Release|Any CPU.ActiveCfg = Release|Any CPU
		{587676FE-FC78-19E2-D6C1-C5419C70ED3F}.Release|Any CPU.Build.0 = Release|Any CPU
		{DCF9EDB4-F3A4-7F1B-DCA1-E2A9FF39F3A4}.Debug|Any CPU.ActiveCfg = Debug|Any CPU
		{DCF9EDB4-F3A4-7F1B-DCA1-E2A9FF39F3A4}.Debug|Any CPU.Build.0 = Debug|Any CPU
		{DCF9EDB4-F3A4-7F1B-DCA1-E2A9FF39F3A4}.Release|Any CPU.ActiveCfg = Release|Any CPU
		{DCF9EDB4-F3A4-7F1B-DCA1-E2A9FF39F3A4}.Release|Any CPU.Build.0 = Release|Any CPU
		{A1632EA0-681F-4383-3558-814FF4DB7972}.Debug|Any CPU.ActiveCfg = Debug|Any CPU
		{A1632EA0-681F-4383-3558-814FF4DB7972}.Debug|Any CPU.Build.0 = Debug|Any CPU
		{A1632EA0-681F-4383-3558-814FF4DB7972}.Release|Any CPU.ActiveCfg = Release|Any CPU
		{A1632EA0-681F-4383-3558-814FF4DB7972}.Release|Any CPU.Build.0 = Release|Any CPU
		{B1544069-6168-AE79-2C5D-DAF2B6C0B0DA}.Debug|Any CPU.ActiveCfg = Debug|Any CPU
		{B1544069-6168-AE79-2C5D-DAF2B6C0B0DA}.Debug|Any CPU.Build.0 = Debug|Any CPU
		{B1544069-6168-AE79-2C5D-DAF2B6C0B0DA}.Release|Any CPU.ActiveCfg = Release|Any CPU
		{B1544069-6168-AE79-2C5D-DAF2B6C0B0DA}.Release|Any CPU.Build.0 = Release|Any CPU
		{890F5516-C5CE-3A79-FE14-3523641C659C}.Debug|Any CPU.ActiveCfg = Debug|Any CPU
		{890F5516-C5CE-3A79-FE14-3523641C659C}.Debug|Any CPU.Build.0 = Debug|Any CPU
		{890F5516-C5CE-3A79-FE14-3523641C659C}.Release|Any CPU.ActiveCfg = Release|Any CPU
		{890F5516-C5CE-3A79-FE14-3523641C659C}.Release|Any CPU.Build.0 = Release|Any CPU
		{A0014A52-C432-2DB9-2AB4-FDD4D45F92DD}.Debug|Any CPU.ActiveCfg = Debug|Any CPU
		{A0014A52-C432-2DB9-2AB4-FDD4D45F92DD}.Debug|Any CPU.Build.0 = Debug|Any CPU
		{A0014A52-C432-2DB9-2AB4-FDD4D45F92DD}.Release|Any CPU.ActiveCfg = Release|Any CPU
		{A0014A52-C432-2DB9-2AB4-FDD4D45F92DD}.Release|Any CPU.Build.0 = Release|Any CPU
		{DADAA6E5-D55F-8405-3DB1-9A42CE65B34D}.Debug|Any CPU.ActiveCfg = Debug|Any CPU
		{DADAA6E5-D55F-8405-3DB1-9A42CE65B34D}.Debug|Any CPU.Build.0 = Debug|Any CPU
		{DADAA6E5-D55F-8405-3DB1-9A42CE65B34D}.Release|Any CPU.ActiveCfg = Release|Any CPU
		{DADAA6E5-D55F-8405-3DB1-9A42CE65B34D}.Release|Any CPU.Build.0 = Release|Any CPU
		{CDE898A8-A9FF-F4B5-1455-B763AC7EE11E}.Debug|Any CPU.ActiveCfg = Debug|Any CPU
		{CDE898A8-A9FF-F4B5-1455-B763AC7EE11E}.Debug|Any CPU.Build.0 = Debug|Any CPU
		{CDE898A8-A9FF-F4B5-1455-B763AC7EE11E}.Release|Any CPU.ActiveCfg = Release|Any CPU
		{CDE898A8-A9FF-F4B5-1455-B763AC7EE11E}.Release|Any CPU.Build.0 = Release|Any CPU
		{A152EEF5-E108-B193-6E6C-304E28ECDB68}.Debug|Any CPU.ActiveCfg = Debug|Any CPU
		{A152EEF5-E108-B193-6E6C-304E28ECDB68}.Debug|Any CPU.Build.0 = Debug|Any CPU
		{A152EEF5-E108-B193-6E6C-304E28ECDB68}.Release|Any CPU.ActiveCfg = Release|Any CPU
		{A152EEF5-E108-B193-6E6C-304E28ECDB68}.Release|Any CPU.Build.0 = Release|Any CPU
		{387F3C7C-A36D-E1FD-098F-C8E5AE1B293C}.Debug|Any CPU.ActiveCfg = Debug|Any CPU
		{387F3C7C-A36D-E1FD-098F-C8E5AE1B293C}.Debug|Any CPU.Build.0 = Debug|Any CPU
		{387F3C7C-A36D-E1FD-098F-C8E5AE1B293C}.Release|Any CPU.ActiveCfg = Release|Any CPU
		{387F3C7C-A36D-E1FD-098F-C8E5AE1B293C}.Release|Any CPU.Build.0 = Release|Any CPU
		{0E1F79F1-F9A0-C2DF-B3C0-D8BD8ADCEEFB}.Debug|Any CPU.ActiveCfg = Debug|Any CPU
		{0E1F79F1-F9A0-C2DF-B3C0-D8BD8ADCEEFB}.Debug|Any CPU.Build.0 = Debug|Any CPU
		{0E1F79F1-F9A0-C2DF-B3C0-D8BD8ADCEEFB}.Release|Any CPU.ActiveCfg = Release|Any CPU
		{0E1F79F1-F9A0-C2DF-B3C0-D8BD8ADCEEFB}.Release|Any CPU.Build.0 = Release|Any CPU
		{90E128BE-E119-82EC-12CA-C82AC6B78E06}.Debug|Any CPU.ActiveCfg = Debug|Any CPU
		{90E128BE-E119-82EC-12CA-C82AC6B78E06}.Debug|Any CPU.Build.0 = Debug|Any CPU
		{90E128BE-E119-82EC-12CA-C82AC6B78E06}.Release|Any CPU.ActiveCfg = Release|Any CPU
		{90E128BE-E119-82EC-12CA-C82AC6B78E06}.Release|Any CPU.Build.0 = Release|Any CPU
		{B911CF0A-5546-FAAF-57CE-B361DF3FC32B}.Debug|Any CPU.ActiveCfg = Debug|Any CPU
		{B911CF0A-5546-FAAF-57CE-B361DF3FC32B}.Debug|Any CPU.Build.0 = Debug|Any CPU
		{B911CF0A-5546-FAAF-57CE-B361DF3FC32B}.Release|Any CPU.ActiveCfg = Release|Any CPU
		{B911CF0A-5546-FAAF-57CE-B361DF3FC32B}.Release|Any CPU.Build.0 = Release|Any CPU
		{5BC9CBD6-6344-3DB7-28CF-DEE849005DBB}.Debug|Any CPU.ActiveCfg = Debug|Any CPU
		{5BC9CBD6-6344-3DB7-28CF-DEE849005DBB}.Debug|Any CPU.Build.0 = Debug|Any CPU
		{5BC9CBD6-6344-3DB7-28CF-DEE849005DBB}.Release|Any CPU.ActiveCfg = Release|Any CPU
		{5BC9CBD6-6344-3DB7-28CF-DEE849005DBB}.Release|Any CPU.Build.0 = Release|Any CPU
		{DF2310DD-60F0-A476-B85B-779214611A5D}.Debug|Any CPU.ActiveCfg = Debug|Any CPU
		{DF2310DD-60F0-A476-B85B-779214611A5D}.Debug|Any CPU.Build.0 = Debug|Any CPU
		{DF2310DD-60F0-A476-B85B-779214611A5D}.Release|Any CPU.ActiveCfg = Release|Any CPU
		{DF2310DD-60F0-A476-B85B-779214611A5D}.Release|Any CPU.Build.0 = Release|Any CPU
		{CE421291-8AA5-F2C6-ECEA-315197AEFF9E}.Debug|Any CPU.ActiveCfg = Debug|Any CPU
		{CE421291-8AA5-F2C6-ECEA-315197AEFF9E}.Debug|Any CPU.Build.0 = Debug|Any CPU
		{CE421291-8AA5-F2C6-ECEA-315197AEFF9E}.Release|Any CPU.ActiveCfg = Release|Any CPU
		{CE421291-8AA5-F2C6-ECEA-315197AEFF9E}.Release|Any CPU.Build.0 = Release|Any CPU
		{DF57B7AB-B9B6-A101-57A7-CD22EE81988A}.Debug|Any CPU.ActiveCfg = Debug|Any CPU
		{DF57B7AB-B9B6-A101-57A7-CD22EE81988A}.Debug|Any CPU.Build.0 = Debug|Any CPU
		{DF57B7AB-B9B6-A101-57A7-CD22EE81988A}.Release|Any CPU.ActiveCfg = Release|Any CPU
		{DF57B7AB-B9B6-A101-57A7-CD22EE81988A}.Release|Any CPU.Build.0 = Release|Any CPU
		{D32B93F3-C503-E9A4-6EA3-9728A9E4B2FD}.Debug|Any CPU.ActiveCfg = Debug|Any CPU
		{D32B93F3-C503-E9A4-6EA3-9728A9E4B2FD}.Debug|Any CPU.Build.0 = Debug|Any CPU
		{D32B93F3-C503-E9A4-6EA3-9728A9E4B2FD}.Release|Any CPU.ActiveCfg = Release|Any CPU
		{D32B93F3-C503-E9A4-6EA3-9728A9E4B2FD}.Release|Any CPU.Build.0 = Release|Any CPU
		{3FD6EAB1-7C63-DC86-AEDD-CC7ABF9A5E49}.Debug|Any CPU.ActiveCfg = Debug|Any CPU
		{3FD6EAB1-7C63-DC86-AEDD-CC7ABF9A5E49}.Debug|Any CPU.Build.0 = Debug|Any CPU
		{3FD6EAB1-7C63-DC86-AEDD-CC7ABF9A5E49}.Release|Any CPU.ActiveCfg = Release|Any CPU
		{3FD6EAB1-7C63-DC86-AEDD-CC7ABF9A5E49}.Release|Any CPU.Build.0 = Release|Any CPU
		{B1946D46-FCFB-6FBB-3B21-F48D45629293}.Debug|Any CPU.ActiveCfg = Debug|Any CPU
		{B1946D46-FCFB-6FBB-3B21-F48D45629293}.Debug|Any CPU.Build.0 = Debug|Any CPU
		{B1946D46-FCFB-6FBB-3B21-F48D45629293}.Release|Any CPU.ActiveCfg = Release|Any CPU
		{B1946D46-FCFB-6FBB-3B21-F48D45629293}.Release|Any CPU.Build.0 = Release|Any CPU
		{8046B23C-504F-55BF-44A3-A3BD4919F806}.Debug|Any CPU.ActiveCfg = Debug|Any CPU
		{8046B23C-504F-55BF-44A3-A3BD4919F806}.Debug|Any CPU.Build.0 = Debug|Any CPU
		{8046B23C-504F-55BF-44A3-A3BD4919F806}.Release|Any CPU.ActiveCfg = Release|Any CPU
		{8046B23C-504F-55BF-44A3-A3BD4919F806}.Release|Any CPU.Build.0 = Release|Any CPU
		{1EE1DF01-DA56-581F-6D4E-31D1F7990BF0}.Debug|Any CPU.ActiveCfg = Debug|Any CPU
		{1EE1DF01-DA56-581F-6D4E-31D1F7990BF0}.Debug|Any CPU.Build.0 = Debug|Any CPU
		{1EE1DF01-DA56-581F-6D4E-31D1F7990BF0}.Release|Any CPU.ActiveCfg = Release|Any CPU
		{1EE1DF01-DA56-581F-6D4E-31D1F7990BF0}.Release|Any CPU.Build.0 = Release|Any CPU
		{8CFA75D8-517B-3B73-266B-652CA294AB09}.Debug|Any CPU.ActiveCfg = Debug|Any CPU
		{8CFA75D8-517B-3B73-266B-652CA294AB09}.Debug|Any CPU.Build.0 = Debug|Any CPU
		{8CFA75D8-517B-3B73-266B-652CA294AB09}.Release|Any CPU.ActiveCfg = Release|Any CPU
		{8CFA75D8-517B-3B73-266B-652CA294AB09}.Release|Any CPU.Build.0 = Release|Any CPU
		{5D06278D-4DFD-555F-F9F4-F7394AD57072}.Debug|Any CPU.ActiveCfg = Debug|Any CPU
		{5D06278D-4DFD-555F-F9F4-F7394AD57072}.Debug|Any CPU.Build.0 = Debug|Any CPU
		{5D06278D-4DFD-555F-F9F4-F7394AD57072}.Release|Any CPU.ActiveCfg = Release|Any CPU
		{5D06278D-4DFD-555F-F9F4-F7394AD57072}.Release|Any CPU.Build.0 = Release|Any CPU
		{ACD64751-3DEB-7C4B-61B5-780C2885FE07}.Debug|Any CPU.ActiveCfg = Debug|Any CPU
		{ACD64751-3DEB-7C4B-61B5-780C2885FE07}.Debug|Any CPU.Build.0 = Debug|Any CPU
		{ACD64751-3DEB-7C4B-61B5-780C2885FE07}.Release|Any CPU.ActiveCfg = Release|Any CPU
		{ACD64751-3DEB-7C4B-61B5-780C2885FE07}.Release|Any CPU.Build.0 = Release|Any CPU
	EndGlobalSection
	GlobalSection(SolutionProperties) = preSolution
		HideSolutionNode = FALSE
	EndGlobalSection
EndGlobal
